# THIS IS AN AUTOGENERATED FILE. DO NOT EDIT THIS FILE DIRECTLY.
# yarn lockfile v1


"@chainsafe/is-ip@^2.0.1":
  version "2.0.2"
  resolved "https://registry.yarnpkg.com/@chainsafe/is-ip/-/is-ip-2.0.2.tgz#7311e7403f11d8c5cfa48111f56fcecaac37c9f6"
  integrity sha512-ndGqEMG1W5WkGagaqOZHpPU172AGdxr+LD15sv3WIUvT5oCFUrG1Y0CW/v2Egwj4JXEvSibaIIIqImsm98y1nA==

"@chainsafe/netmask@^2.0.0":
  version "2.0.0"
  resolved "https://registry.yarnpkg.com/@chainsafe/netmask/-/netmask-2.0.0.tgz#0d4a75f47919f65011da4327a3845c9661f1038a"
  integrity sha512-I3Z+6SWUoaljh3TBzCnCxjlUyN8tA+NAk5L6m9IxvCf1BENQTePzPMis97CoN/iMW1St3WN+AWCCRp+TTBRiDg==
  dependencies:
    "@chainsafe/is-ip" "^2.0.1"

"@esbuild/aix-ppc64@0.23.1":
  version "0.23.1"
  resolved "https://registry.yarnpkg.com/@esbuild/aix-ppc64/-/aix-ppc64-0.23.1.tgz#51299374de171dbd80bb7d838e1cfce9af36f353"
  integrity sha512-6VhYk1diRqrhBAqpJEdjASR/+WVRtfjpqKuNw11cLiaWpAT/Uu+nokB+UJnevzy/P9C/ty6AOe0dwueMrGh/iQ==

"@esbuild/android-arm64@0.23.1":
  version "0.23.1"
  resolved "https://registry.yarnpkg.com/@esbuild/android-arm64/-/android-arm64-0.23.1.tgz#58565291a1fe548638adb9c584237449e5e14018"
  integrity sha512-xw50ipykXcLstLeWH7WRdQuysJqejuAGPd30vd1i5zSyKK3WE+ijzHmLKxdiCMtH1pHz78rOg0BKSYOSB/2Khw==

"@esbuild/android-arm@0.23.1":
  version "0.23.1"
  resolved "https://registry.yarnpkg.com/@esbuild/android-arm/-/android-arm-0.23.1.tgz#5eb8c652d4c82a2421e3395b808e6d9c42c862ee"
  integrity sha512-uz6/tEy2IFm9RYOyvKl88zdzZfwEfKZmnX9Cj1BHjeSGNuGLuMD1kR8y5bteYmwqKm1tj8m4cb/aKEorr6fHWQ==

"@esbuild/android-x64@0.23.1":
  version "0.23.1"
  resolved "https://registry.yarnpkg.com/@esbuild/android-x64/-/android-x64-0.23.1.tgz#ae19d665d2f06f0f48a6ac9a224b3f672e65d517"
  integrity sha512-nlN9B69St9BwUoB+jkyU090bru8L0NA3yFvAd7k8dNsVH8bi9a8cUAUSEcEEgTp2z3dbEDGJGfP6VUnkQnlReg==

"@esbuild/darwin-arm64@0.23.1":
  version "0.23.1"
  resolved "https://registry.yarnpkg.com/@esbuild/darwin-arm64/-/darwin-arm64-0.23.1.tgz#05b17f91a87e557b468a9c75e9d85ab10c121b16"
  integrity sha512-YsS2e3Wtgnw7Wq53XXBLcV6JhRsEq8hkfg91ESVadIrzr9wO6jJDMZnCQbHm1Guc5t/CdDiFSSfWP58FNuvT3Q==

"@esbuild/darwin-x64@0.23.1":
  version "0.23.1"
  resolved "https://registry.yarnpkg.com/@esbuild/darwin-x64/-/darwin-x64-0.23.1.tgz#c58353b982f4e04f0d022284b8ba2733f5ff0931"
  integrity sha512-aClqdgTDVPSEGgoCS8QDG37Gu8yc9lTHNAQlsztQ6ENetKEO//b8y31MMu2ZaPbn4kVsIABzVLXYLhCGekGDqw==

"@esbuild/freebsd-arm64@0.23.1":
  version "0.23.1"
  resolved "https://registry.yarnpkg.com/@esbuild/freebsd-arm64/-/freebsd-arm64-0.23.1.tgz#f9220dc65f80f03635e1ef96cfad5da1f446f3bc"
  integrity sha512-h1k6yS8/pN/NHlMl5+v4XPfikhJulk4G+tKGFIOwURBSFzE8bixw1ebjluLOjfwtLqY0kewfjLSrO6tN2MgIhA==

"@esbuild/freebsd-x64@0.23.1":
  version "0.23.1"
  resolved "https://registry.yarnpkg.com/@esbuild/freebsd-x64/-/freebsd-x64-0.23.1.tgz#69bd8511fa013b59f0226d1609ac43f7ce489730"
  integrity sha512-lK1eJeyk1ZX8UklqFd/3A60UuZ/6UVfGT2LuGo3Wp4/z7eRTRYY+0xOu2kpClP+vMTi9wKOfXi2vjUpO1Ro76g==

"@esbuild/linux-arm64@0.23.1":
  version "0.23.1"
  resolved "https://registry.yarnpkg.com/@esbuild/linux-arm64/-/linux-arm64-0.23.1.tgz#8050af6d51ddb388c75653ef9871f5ccd8f12383"
  integrity sha512-/93bf2yxencYDnItMYV/v116zff6UyTjo4EtEQjUBeGiVpMmffDNUyD9UN2zV+V3LRV3/on4xdZ26NKzn6754g==

"@esbuild/linux-arm@0.23.1":
  version "0.23.1"
  resolved "https://registry.yarnpkg.com/@esbuild/linux-arm/-/linux-arm-0.23.1.tgz#ecaabd1c23b701070484990db9a82f382f99e771"
  integrity sha512-CXXkzgn+dXAPs3WBwE+Kvnrf4WECwBdfjfeYHpMeVxWE0EceB6vhWGShs6wi0IYEqMSIzdOF1XjQ/Mkm5d7ZdQ==

"@esbuild/linux-ia32@0.23.1":
  version "0.23.1"
  resolved "https://registry.yarnpkg.com/@esbuild/linux-ia32/-/linux-ia32-0.23.1.tgz#3ed2273214178109741c09bd0687098a0243b333"
  integrity sha512-VTN4EuOHwXEkXzX5nTvVY4s7E/Krz7COC8xkftbbKRYAl96vPiUssGkeMELQMOnLOJ8k3BY1+ZY52tttZnHcXQ==

"@esbuild/linux-loong64@0.23.1":
  version "0.23.1"
  resolved "https://registry.yarnpkg.com/@esbuild/linux-loong64/-/linux-loong64-0.23.1.tgz#a0fdf440b5485c81b0fbb316b08933d217f5d3ac"
  integrity sha512-Vx09LzEoBa5zDnieH8LSMRToj7ir/Jeq0Gu6qJ/1GcBq9GkfoEAoXvLiW1U9J1qE/Y/Oyaq33w5p2ZWrNNHNEw==

"@esbuild/linux-mips64el@0.23.1":
  version "0.23.1"
  resolved "https://registry.yarnpkg.com/@esbuild/linux-mips64el/-/linux-mips64el-0.23.1.tgz#e11a2806346db8375b18f5e104c5a9d4e81807f6"
  integrity sha512-nrFzzMQ7W4WRLNUOU5dlWAqa6yVeI0P78WKGUo7lg2HShq/yx+UYkeNSE0SSfSure0SqgnsxPvmAUu/vu0E+3Q==

"@esbuild/linux-ppc64@0.23.1":
  version "0.23.1"
  resolved "https://registry.yarnpkg.com/@esbuild/linux-ppc64/-/linux-ppc64-0.23.1.tgz#06a2744c5eaf562b1a90937855b4d6cf7c75ec96"
  integrity sha512-dKN8fgVqd0vUIjxuJI6P/9SSSe/mB9rvA98CSH2sJnlZ/OCZWO1DJvxj8jvKTfYUdGfcq2dDxoKaC6bHuTlgcw==

"@esbuild/linux-riscv64@0.23.1":
  version "0.23.1"
  resolved "https://registry.yarnpkg.com/@esbuild/linux-riscv64/-/linux-riscv64-0.23.1.tgz#65b46a2892fc0d1af4ba342af3fe0fa4a8fe08e7"
  integrity sha512-5AV4Pzp80fhHL83JM6LoA6pTQVWgB1HovMBsLQ9OZWLDqVY8MVobBXNSmAJi//Csh6tcY7e7Lny2Hg1tElMjIA==

"@esbuild/linux-s390x@0.23.1":
  version "0.23.1"
  resolved "https://registry.yarnpkg.com/@esbuild/linux-s390x/-/linux-s390x-0.23.1.tgz#e71ea18c70c3f604e241d16e4e5ab193a9785d6f"
  integrity sha512-9ygs73tuFCe6f6m/Tb+9LtYxWR4c9yg7zjt2cYkjDbDpV/xVn+68cQxMXCjUpYwEkze2RcU/rMnfIXNRFmSoDw==

"@esbuild/linux-x64@0.23.1":
  version "0.23.1"
  resolved "https://registry.yarnpkg.com/@esbuild/linux-x64/-/linux-x64-0.23.1.tgz#d47f97391e80690d4dfe811a2e7d6927ad9eed24"
  integrity sha512-EV6+ovTsEXCPAp58g2dD68LxoP/wK5pRvgy0J/HxPGB009omFPv3Yet0HiaqvrIrgPTBuC6wCH1LTOY91EO5hQ==

"@esbuild/netbsd-x64@0.23.1":
  version "0.23.1"
  resolved "https://registry.yarnpkg.com/@esbuild/netbsd-x64/-/netbsd-x64-0.23.1.tgz#44e743c9778d57a8ace4b72f3c6b839a3b74a653"
  integrity sha512-aevEkCNu7KlPRpYLjwmdcuNz6bDFiE7Z8XC4CPqExjTvrHugh28QzUXVOZtiYghciKUacNktqxdpymplil1beA==

"@esbuild/openbsd-arm64@0.23.1":
  version "0.23.1"
  resolved "https://registry.yarnpkg.com/@esbuild/openbsd-arm64/-/openbsd-arm64-0.23.1.tgz#05c5a1faf67b9881834758c69f3e51b7dee015d7"
  integrity sha512-3x37szhLexNA4bXhLrCC/LImN/YtWis6WXr1VESlfVtVeoFJBRINPJ3f0a/6LV8zpikqoUg4hyXw0sFBt5Cr+Q==

"@esbuild/openbsd-x64@0.23.1":
  version "0.23.1"
  resolved "https://registry.yarnpkg.com/@esbuild/openbsd-x64/-/openbsd-x64-0.23.1.tgz#2e58ae511bacf67d19f9f2dcd9e8c5a93f00c273"
  integrity sha512-aY2gMmKmPhxfU+0EdnN+XNtGbjfQgwZj43k8G3fyrDM/UdZww6xrWxmDkuz2eCZchqVeABjV5BpildOrUbBTqA==

"@esbuild/sunos-x64@0.23.1":
  version "0.23.1"
  resolved "https://registry.yarnpkg.com/@esbuild/sunos-x64/-/sunos-x64-0.23.1.tgz#adb022b959d18d3389ac70769cef5a03d3abd403"
  integrity sha512-RBRT2gqEl0IKQABT4XTj78tpk9v7ehp+mazn2HbUeZl1YMdaGAQqhapjGTCe7uw7y0frDi4gS0uHzhvpFuI1sA==

"@esbuild/win32-arm64@0.23.1":
  version "0.23.1"
  resolved "https://registry.yarnpkg.com/@esbuild/win32-arm64/-/win32-arm64-0.23.1.tgz#84906f50c212b72ec360f48461d43202f4c8b9a2"
  integrity sha512-4O+gPR5rEBe2FpKOVyiJ7wNDPA8nGzDuJ6gN4okSA1gEOYZ67N8JPk58tkWtdtPeLz7lBnY6I5L3jdsr3S+A6A==

"@esbuild/win32-ia32@0.23.1":
  version "0.23.1"
  resolved "https://registry.yarnpkg.com/@esbuild/win32-ia32/-/win32-ia32-0.23.1.tgz#5e3eacc515820ff729e90d0cb463183128e82fac"
  integrity sha512-BcaL0Vn6QwCwre3Y717nVHZbAa4UBEigzFm6VdsVdT/MbZ38xoj1X9HPkZhbmaBGUD1W8vxAfffbDe8bA6AKnQ==

"@esbuild/win32-x64@0.23.1":
  version "0.23.1"
  resolved "https://registry.yarnpkg.com/@esbuild/win32-x64/-/win32-x64-0.23.1.tgz#81fd50d11e2c32b2d6241470e3185b70c7b30699"
  integrity sha512-BHpFFeslkWrXWyUPnbKm+xYYVYruCinGcftSBaa8zoF9hZO4BcSCFUvHVTtzpIY6YzUnYtuEhZ+C9iEXjxnasg==

"@fastify/ajv-compiler@^4.0.0":
  version "4.0.1"
  resolved "https://registry.yarnpkg.com/@fastify/ajv-compiler/-/ajv-compiler-4.0.1.tgz#9567b4c09149a0f342e931c7196a8ed9dc292954"
  integrity sha512-DxrBdgsjNLP0YM6W5Hd6/Fmj43S8zMKiFJYgi+Ri3htTGAowPVG/tG1wpnWLMjufEnehRivUCKZ1pLDIoZdTuw==
  dependencies:
    ajv "^8.12.0"
    ajv-formats "^3.0.1"
    fast-uri "^3.0.0"

"@fastify/cors@^10.0.1":
  version "10.0.1"
  resolved "https://registry.yarnpkg.com/@fastify/cors/-/cors-10.0.1.tgz#c208fa5f672db31a8383400349e9852762903d64"
  integrity sha512-O8JIf6448uQbOgzSkCqhClw6gFTAqrdfeA6R3fc/3gwTJGUp7gl8/3tbNB+6INuu4RmgVOq99BmvdGbtu5pgOA==
  dependencies:
    fastify-plugin "^5.0.0"
    mnemonist "0.39.8"

"@fastify/error@^4.0.0":
  version "4.0.0"
  resolved "https://registry.yarnpkg.com/@fastify/error/-/error-4.0.0.tgz#7842d6161fbce78953638318be99033a0c2d5070"
  integrity sha512-OO/SA8As24JtT1usTUTKgGH7uLvhfwZPwlptRi2Dp5P4KKmJI3gvsZ8MIHnNwDs4sLf/aai5LzTyl66xr7qMxA==

"@fastify/fast-json-stringify-compiler@^5.0.0":
  version "5.0.1"
  resolved "https://registry.yarnpkg.com/@fastify/fast-json-stringify-compiler/-/fast-json-stringify-compiler-5.0.1.tgz#659c74f3181fb4f984fe27dcc95d14366ae85ca0"
  integrity sha512-f2d3JExJgFE3UbdFcpPwqNUEoHWmt8pAKf8f+9YuLESdefA0WgqxeT6DrGL4Yrf/9ihXNSKOqpjEmurV405meA==
  dependencies:
    fast-json-stringify "^6.0.0"

"@fastify/merge-json-schemas@^0.1.1":
  version "0.1.1"
  resolved "https://registry.yarnpkg.com/@fastify/merge-json-schemas/-/merge-json-schemas-0.1.1.tgz#3551857b8a17a24e8c799e9f51795edb07baa0bc"
  integrity sha512-fERDVz7topgNjtXsJTTW1JKLy0rhuLRcquYqNR9rF7OcVpCa2OVW49ZPDIhaRRCaUuvVxI+N416xUoF76HNSXA==
  dependencies:
    fast-deep-equal "^3.1.3"

"@leichtgewicht/ip-codec@^2.0.1":
  version "2.0.5"
  resolved "https://registry.yarnpkg.com/@leichtgewicht/ip-codec/-/ip-codec-2.0.5.tgz#4fc56c15c580b9adb7dc3c333a134e540b44bfb1"
  integrity sha512-Vo+PSpZG2/fmgmiNzYK9qWRh8h/CHrwD0mo1h1DzL4yzHNSfWYujGTYsWGreD000gcgmZ7K4Ys6Tx9TxtsKdDw==

"@multiformats/dns@^1.0.3":
  version "1.0.6"
  resolved "https://registry.yarnpkg.com/@multiformats/dns/-/dns-1.0.6.tgz#b8c7de11459a02a5f4e609d35d3cdb95cb6ad152"
  integrity sha512-nt/5UqjMPtyvkG9BQYdJ4GfLK3nMqGpFZOzf4hAmIa0sJh2LlS9YKXZ4FgwBDsaHvzZqR/rUFIywIc7pkHNNuw==
  dependencies:
    "@types/dns-packet" "^5.6.5"
    buffer "^6.0.3"
    dns-packet "^5.6.1"
    hashlru "^2.3.0"
    p-queue "^8.0.1"
    progress-events "^1.0.0"
    uint8arrays "^5.0.2"

"@multiformats/mafmt@^12.1.6":
  version "12.1.6"
  resolved "https://registry.yarnpkg.com/@multiformats/mafmt/-/mafmt-12.1.6.tgz#e7c1831c1e94c94932621826049afc89f3ad43b7"
  integrity sha512-tlJRfL21X+AKn9b5i5VnaTD6bNttpSpcqwKVmDmSHLwxoz97fAHaepqFOk/l1fIu94nImIXneNbhsJx/RQNIww==
  dependencies:
    "@multiformats/multiaddr" "^12.0.0"

"@multiformats/multiaddr@^12.0.0", "@multiformats/multiaddr@^12.1.14":
  version "12.3.1"
  resolved "https://registry.yarnpkg.com/@multiformats/multiaddr/-/multiaddr-12.3.1.tgz#953ceb4ae3b39125b7b2c721230ea7b398cf49fe"
  integrity sha512-yoGODQY4nIj41ENJClucS8FtBoe8w682bzbKldEQr9lSlfdHqAsRC+vpJAOBpiMwPps1tHua4kxrDmvprdhoDQ==
  dependencies:
    "@chainsafe/is-ip" "^2.0.1"
    "@chainsafe/netmask" "^2.0.0"
    "@multiformats/dns" "^1.0.3"
    multiformats "^13.0.0"
    uint8-varint "^2.0.1"
    uint8arrays "^5.0.0"

"@types/dns-packet@^5.6.5":
  version "5.6.5"
  resolved "https://registry.yarnpkg.com/@types/dns-packet/-/dns-packet-5.6.5.tgz#49fc29a40f5d30227ed028fa1ee82601d3745e15"
  integrity sha512-qXOC7XLOEe43ehtWJCMnQXvgcIpv6rPmQ1jXT98Ad8A3TB1Ue50jsCbSSSyuazScEuZ/Q026vHbrOTVkmwA+7Q==
  dependencies:
    "@types/node" "*"

"@types/node@*":
  version "22.7.5"
  resolved "https://registry.yarnpkg.com/@types/node/-/node-22.7.5.tgz#cfde981727a7ab3611a481510b473ae54442b92b"
  integrity sha512-jML7s2NAzMWc//QSJ1a3prpk78cOPchGvXJsC3C6R6PSMoooztvRVQEz89gmBTBY1SPMaqo5teB4uNHPdetShQ==
  dependencies:
    undici-types "~6.19.2"

abort-controller@^3.0.0:
  version "3.0.0"
  resolved "https://registry.yarnpkg.com/abort-controller/-/abort-controller-3.0.0.tgz#eaf54d53b62bae4138e809ca225c8439a6efb392"
  integrity sha512-h8lQ8tacZYnR3vNQTgibj+tODHI5/+l06Au2Pcriv/Gmet0eaj4TwWH41sO9wnHDiQsEj19q0drzdWdeAHtweg==
  dependencies:
    event-target-shim "^5.0.0"

abstract-logging@^2.0.1:
  version "2.0.1"
  resolved "https://registry.yarnpkg.com/abstract-logging/-/abstract-logging-2.0.1.tgz#6b0c371df212db7129b57d2e7fcf282b8bf1c839"
  integrity sha512-2BjRTZxTPvheOvGbBslFSYOUkr+SjPtOnrLP33f+VIWLzezQpZcqVg7ja3L4dBXmzzgwT+a029jRx5PCi3JuiA==

ajv-formats@^3.0.1:
  version "3.0.1"
  resolved "https://registry.yarnpkg.com/ajv-formats/-/ajv-formats-3.0.1.tgz#3d5dc762bca17679c3c2ea7e90ad6b7532309578"
  integrity sha512-8iUql50EUR+uUcdRQ3HDqa6EVyo3docL8g5WJ3FNcWmu62IbkGUue/pEyLBW8VGKKucTPgqeks4fIU1DA4yowQ==
  dependencies:
    ajv "^8.0.0"

ajv@^8.0.0, ajv@^8.12.0:
  version "8.17.1"
  resolved "https://registry.yarnpkg.com/ajv/-/ajv-8.17.1.tgz#37d9a5c776af6bc92d7f4f9510eba4c0a60d11a6"
  integrity sha512-B/gBuNg5SiMTrPkC+A2+cW0RszwxYmn6VYxB/inlBStS5nx6xHIt/ehKRhIMhqusl7a8LjQoZnjCs5vhwxOQ1g==
  dependencies:
    fast-deep-equal "^3.1.3"
    fast-uri "^3.0.1"
    json-schema-traverse "^1.0.0"
    require-from-string "^2.0.2"

atomic-sleep@^1.0.0:
  version "1.0.0"
  resolved "https://registry.yarnpkg.com/atomic-sleep/-/atomic-sleep-1.0.0.tgz#eb85b77a601fc932cfe432c5acd364a9e2c9075b"
  integrity sha512-kNOjDqAh7px0XWNI+4QbzoiR/nTkHAWNud2uvnJquD1/x5a7EQZMJT0AczqK0Qn67oY/TTQ1LbUKajZpp3I9tQ==

avvio@^9.0.0:
  version "9.0.0"
  resolved "https://registry.yarnpkg.com/avvio/-/avvio-9.0.0.tgz#3ae02fb318377006e0e06a3f47842c98d8668607"
  integrity sha512-UbYrOXgE/I+knFG+3kJr9AgC7uNo8DG+FGGODpH9Bj1O1kL/QDjBXnTem9leD3VdQKtaHjV3O85DQ7hHh4IIHw==
  dependencies:
    "@fastify/error" "^4.0.0"
    fastq "^1.17.1"

base64-js@^1.3.1:
  version "1.5.1"
  resolved "https://registry.yarnpkg.com/base64-js/-/base64-js-1.5.1.tgz#1b1b440160a5bf7ad40b650f095963481903930a"
  integrity sha512-AKpaYlHn8t4SVbOHCy+b5+KKgvR4vrsD8vbvrbiQJps7fKDTkjkDry6ji0rUJjC0kzbNePLwzxq8iypo41qeWA==

buffer@^6.0.3:
  version "6.0.3"
  resolved "https://registry.yarnpkg.com/buffer/-/buffer-6.0.3.tgz#2ace578459cc8fbe2a70aaa8f52ee63b6a74c6c6"
  integrity sha512-FTiCpNxtwiZZHEZbcbTIcZjERVICn9yq/pDFkTl95/AxzD1naBctN7YO68riM/gLSDY7sdrMby8hofADYuuqOA==
  dependencies:
    base64-js "^1.3.1"
    ieee754 "^1.2.1"

cookie@^0.7.0:
  version "0.7.2"
  resolved "https://registry.yarnpkg.com/cookie/-/cookie-0.7.2.tgz#556369c472a2ba910f2979891b526b3436237ed7"
  integrity sha512-yki5XnKuf750l50uGTllt6kKILY4nQ1eNIQatoXEByZ5dWgnKqbnqmTrBE5B4N7lrMJKQ2ytWMiTO2o0v6Ew/w==

data-uri-to-buffer@^4.0.0:
  version "4.0.1"
  resolved "https://registry.yarnpkg.com/data-uri-to-buffer/-/data-uri-to-buffer-4.0.1.tgz#d8feb2b2881e6a4f58c2e08acfd0e2834e26222e"
  integrity sha512-0R9ikRb668HB7QDxT1vkpuUBtqc53YyAwMwGeUFKRojY/NWKvdZ+9UYtRfGmhqNbRkTSVpMbmyhXipFFv2cb/A==

dns-packet@^5.6.1:
  version "5.6.1"
  resolved "https://registry.yarnpkg.com/dns-packet/-/dns-packet-5.6.1.tgz#ae888ad425a9d1478a0674256ab866de1012cf2f"
  integrity sha512-l4gcSouhcgIKRvyy99RNVOgxXiicE+2jZoNmaNmZ6JXiGajBOJAesk1OBlJuM5k2c+eudGdLxDqXuPCKIj6kpw==
  dependencies:
    "@leichtgewicht/ip-codec" "^2.0.1"

esbuild@~0.23.0:
  version "0.23.1"
  resolved "https://registry.yarnpkg.com/esbuild/-/esbuild-0.23.1.tgz#40fdc3f9265ec0beae6f59824ade1bd3d3d2dab8"
  integrity sha512-VVNz/9Sa0bs5SELtn3f7qhJCDPCF5oMEl5cO9/SSinpE9hbPVvxbd572HH5AKiP7WD8INO53GgfDDhRjkylHEg==
  optionalDependencies:
    "@esbuild/aix-ppc64" "0.23.1"
    "@esbuild/android-arm" "0.23.1"
    "@esbuild/android-arm64" "0.23.1"
    "@esbuild/android-x64" "0.23.1"
    "@esbuild/darwin-arm64" "0.23.1"
    "@esbuild/darwin-x64" "0.23.1"
    "@esbuild/freebsd-arm64" "0.23.1"
    "@esbuild/freebsd-x64" "0.23.1"
    "@esbuild/linux-arm" "0.23.1"
    "@esbuild/linux-arm64" "0.23.1"
    "@esbuild/linux-ia32" "0.23.1"
    "@esbuild/linux-loong64" "0.23.1"
    "@esbuild/linux-mips64el" "0.23.1"
    "@esbuild/linux-ppc64" "0.23.1"
    "@esbuild/linux-riscv64" "0.23.1"
    "@esbuild/linux-s390x" "0.23.1"
    "@esbuild/linux-x64" "0.23.1"
    "@esbuild/netbsd-x64" "0.23.1"
    "@esbuild/openbsd-arm64" "0.23.1"
    "@esbuild/openbsd-x64" "0.23.1"
    "@esbuild/sunos-x64" "0.23.1"
    "@esbuild/win32-arm64" "0.23.1"
    "@esbuild/win32-ia32" "0.23.1"
    "@esbuild/win32-x64" "0.23.1"

esno@^4.8.0:
  version "4.8.0"
  resolved "https://registry.yarnpkg.com/esno/-/esno-4.8.0.tgz#db034d26b730f5580e37b909a536196866e462a7"
  integrity sha512-acMtooReAQGzLU0zcuEDHa8S62meh5aIyi8jboYxyvAePdmuWx2Mpwmt0xjwO0bs9/SXf+dvXJ0QJoDWw814Iw==
  dependencies:
    tsx "^4.19.1"

event-target-shim@^5.0.0:
  version "5.0.1"
  resolved "https://registry.yarnpkg.com/event-target-shim/-/event-target-shim-5.0.1.tgz#5d4d3ebdf9583d63a5333ce2deb7480ab2b05789"
  integrity sha512-i/2XbnSz/uxRCU6+NdVJgKWDTM427+MqYbkQzD321DuCQJUqOuJKIA0IM2+W2xtYHdKOmZ4dR6fExsd4SXL+WQ==

eventemitter3@^5.0.1:
  version "5.0.1"
  resolved "https://registry.yarnpkg.com/eventemitter3/-/eventemitter3-5.0.1.tgz#53f5ffd0a492ac800721bb42c66b841de96423c4"
  integrity sha512-GWkBvjiSZK87ELrYOSESUYeVIc9mvLLf/nXalMOS5dYrgZq9o5OVkbZAVM06CVxYsCwH9BDZFPlQTlPA1j4ahA==

events@^3.3.0:
  version "3.3.0"
  resolved "https://registry.yarnpkg.com/events/-/events-3.3.0.tgz#31a95ad0a924e2d2c419a813aeb2c4e878ea7400"
  integrity sha512-mQw+2fkQbALzQ7V0MY0IqdnXNOeTtP4r0lN9z7AAawCXgqea7bDii20AYrIBrFd/Hx0M2Ocz6S111CaFkUcb0Q==

fast-decode-uri-component@^1.0.1:
  version "1.0.1"
  resolved "https://registry.yarnpkg.com/fast-decode-uri-component/-/fast-decode-uri-component-1.0.1.tgz#46f8b6c22b30ff7a81357d4f59abfae938202543"
  integrity sha512-WKgKWg5eUxvRZGwW8FvfbaH7AXSh2cL+3j5fMGzUMCxWBJ3dV3a7Wz8y2f/uQ0e3B6WmodD3oS54jTQ9HVTIIg==

fast-deep-equal@^3.1.3:
  version "3.1.3"
  resolved "https://registry.yarnpkg.com/fast-deep-equal/-/fast-deep-equal-3.1.3.tgz#3a7d56b559d6cbc3eb512325244e619a65c6c525"
  integrity sha512-f3qQ9oQy9j2AhBe/H9VC91wLmKBCCU/gDOnKNAYG5hswO7BLKj09Hc5HYNz9cGI++xlpDCIgDaitVs03ATR84Q==

fast-json-stringify@^6.0.0:
  version "6.0.0"
  resolved "https://registry.yarnpkg.com/fast-json-stringify/-/fast-json-stringify-6.0.0.tgz#15c5e85b567ead695773bf55938b56aaaa57d805"
  integrity sha512-FGMKZwniMTgZh7zQp9b6XnBVxUmKVahQLQeRQHqwYmPDqDhcEKZ3BaQsxelFFI5PY7nN71OEeiL47/zUWcYe1A==
  dependencies:
    "@fastify/merge-json-schemas" "^0.1.1"
    ajv "^8.12.0"
    ajv-formats "^3.0.1"
    fast-deep-equal "^3.1.3"
    fast-uri "^2.3.0"
    json-schema-ref-resolver "^1.0.1"
    rfdc "^1.2.0"

fast-querystring@^1.0.0:
  version "1.1.2"
  resolved "https://registry.yarnpkg.com/fast-querystring/-/fast-querystring-1.1.2.tgz#a6d24937b4fc6f791b4ee31dcb6f53aeafb89f53"
  integrity sha512-g6KuKWmFXc0fID8WWH0jit4g0AGBoJhCkJMb1RmbsSEUNvQ+ZC8D6CUZ+GtF8nMzSPXnhiePyyqqipzNNEnHjg==
  dependencies:
    fast-decode-uri-component "^1.0.1"

fast-redact@^3.1.1:
  version "3.5.0"
  resolved "https://registry.yarnpkg.com/fast-redact/-/fast-redact-3.5.0.tgz#e9ea02f7e57d0cd8438180083e93077e496285e4"
  integrity sha512-dwsoQlS7h9hMeYUq1W++23NDcBLV4KqONnITDV9DjfS3q1SgDGVrBdvvTLUotWtPSD7asWDV9/CmsZPy8Hf70A==

fast-uri@^2.3.0:
  version "2.4.0"
  resolved "https://registry.yarnpkg.com/fast-uri/-/fast-uri-2.4.0.tgz#67eae6fbbe9f25339d5d3f4c4234787b65d7d55e"
  integrity sha512-ypuAmmMKInk5q7XcepxlnUWDLWv4GFtaJqAzWKqn62IpQ3pejtr5dTVbt3vwqVaMKmkNR55sTT+CqUKIaT21BA==

fast-uri@^3.0.0, fast-uri@^3.0.1:
  version "3.0.2"
  resolved "https://registry.yarnpkg.com/fast-uri/-/fast-uri-3.0.2.tgz#d78b298cf70fd3b752fd951175a3da6a7b48f024"
  integrity sha512-GR6f0hD7XXyNJa25Tb9BuIdN0tdr+0BMi6/CJPH3wJO1JjNG3n/VsSw38AwRdKZABm8lGbPfakLRkYzx2V9row==

fastify-plugin@^5.0.0:
  version "5.0.1"
  resolved "https://registry.yarnpkg.com/fastify-plugin/-/fastify-plugin-5.0.1.tgz#82d44e6fe34d1420bb5a4f7bee434d501e41939f"
  integrity sha512-HCxs+YnRaWzCl+cWRYFnHmeRFyR5GVnJTAaCJQiYzQSDwK9MgJdyAsuL3nh0EWRCYMgQ5MeziymvmAhUHYHDUQ==

fastify@^5.0.0:
  version "5.0.0"
  resolved "https://registry.yarnpkg.com/fastify/-/fastify-5.0.0.tgz#f8f80bd741bde2de1997c25dbe31e61c91978111"
  integrity sha512-Qe4dU+zGOzg7vXjw4EvcuyIbNnMwTmcuOhlOrOJsgwzvjEZmsM/IeHulgJk+r46STjdJS/ZJbxO8N70ODXDMEQ==
  dependencies:
    "@fastify/ajv-compiler" "^4.0.0"
    "@fastify/error" "^4.0.0"
    "@fastify/fast-json-stringify-compiler" "^5.0.0"
    abstract-logging "^2.0.1"
    avvio "^9.0.0"
    fast-json-stringify "^6.0.0"
    find-my-way "^9.0.0"
    light-my-request "^6.0.0"
    pino "^9.0.0"
    process-warning "^4.0.0"
    proxy-addr "^2.0.7"
    rfdc "^1.3.1"
    secure-json-parse "^2.7.0"
    semver "^7.6.0"
    toad-cache "^3.7.0"

fastq@^1.17.1:
  version "1.17.1"
  resolved "https://registry.yarnpkg.com/fastq/-/fastq-1.17.1.tgz#2a523f07a4e7b1e81a42b91b8bf2254107753b47"
  integrity sha512-sRVD3lWVIXWg6By68ZN7vho9a1pQcN/WBFaAAsDDFzlJjvoGx0P8z7V1t72grFJfJhu3YPZBuu25f7Kaw2jN1w==
  dependencies:
    reusify "^1.0.4"

fetch-blob@^3.1.2, fetch-blob@^3.1.4:
  version "3.2.0"
  resolved "https://registry.yarnpkg.com/fetch-blob/-/fetch-blob-3.2.0.tgz#f09b8d4bbd45adc6f0c20b7e787e793e309dcce9"
  integrity sha512-7yAQpD2UMJzLi1Dqv7qFYnPbaPx7ZfFK6PiIxQ4PfkGPyNyl2Ugx+a/umUonmKqjhM4DnfbMvdX6otXq83soQQ==
  dependencies:
    node-domexception "^1.0.0"
    web-streams-polyfill "^3.0.3"

find-my-way@^9.0.0:
  version "9.1.0"
  resolved "https://registry.yarnpkg.com/find-my-way/-/find-my-way-9.1.0.tgz#df941d61198b6380bc962250652c2dff43468880"
  integrity sha512-Y5jIsuYR4BwWDYYQ2A/RWWE6gD8a0FMgtU+HOq1WKku+Cwdz8M1v8wcAmRXXM1/iqtoqg06v+LjAxMYbCjViMw==
  dependencies:
    fast-deep-equal "^3.1.3"
    fast-querystring "^1.0.0"
    safe-regex2 "^4.0.0"

formdata-polyfill@^4.0.10:
  version "4.0.10"
  resolved "https://registry.yarnpkg.com/formdata-polyfill/-/formdata-polyfill-4.0.10.tgz#24807c31c9d402e002ab3d8c720144ceb8848423"
  integrity sha512-buewHzMvYL29jdeQTVILecSaZKnt/RJWjoZCF5OW60Z67/GmSLBkOFM7qh1PI3zFNtJbaZL5eQu1vLfazOwj4g==
  dependencies:
    fetch-blob "^3.1.2"

forwarded@0.2.0:
  version "0.2.0"
  resolved "https://registry.yarnpkg.com/forwarded/-/forwarded-0.2.0.tgz#2269936428aad4c15c7ebe9779a84bf0b2a81811"
  integrity sha512-buRG0fpBtRHSTCOASe6hD258tEubFoRLb4ZNA6NxMVHNw2gOcwHo9wyablzMzOA5z9xA9L1KNjk/Nt6MT9aYow==

fsevents@~2.3.3:
  version "2.3.3"
  resolved "https://registry.yarnpkg.com/fsevents/-/fsevents-2.3.3.tgz#cac6407785d03675a2a5e1a5305c697b347d90d6"
  integrity sha512-5xoDfX+fL7faATnagmWPpbFtwh/R77WmMMqqHGS65C3vvB0YHrgF+B1YmZ3441tMj5n63k0212XNoJwzlhffQw==

get-tsconfig@^4.7.5:
  version "4.8.1"
  resolved "https://registry.yarnpkg.com/get-tsconfig/-/get-tsconfig-4.8.1.tgz#8995eb391ae6e1638d251118c7b56de7eb425471"
  integrity sha512-k9PN+cFBmaLWtVz29SkUoqU5O0slLuHJXt/2P+tMVFT+phsSGXGkp9t3rQIqdz0e+06EHNGs3oM6ZX1s2zHxRg==
  dependencies:
    resolve-pkg-maps "^1.0.0"

hashlru@^2.3.0:
  version "2.3.0"
  resolved "https://registry.yarnpkg.com/hashlru/-/hashlru-2.3.0.tgz#5dc15928b3f6961a2056416bb3a4910216fdfb51"
  integrity sha512-0cMsjjIC8I+D3M44pOQdsy0OHXGLVz6Z0beRuufhKa0KfaD2wGwAev6jILzXsd3/vpnNQJmWyZtIILqM1N+n5A==

ieee754@^1.2.1:
  version "1.2.1"
  resolved "https://registry.yarnpkg.com/ieee754/-/ieee754-1.2.1.tgz#8eb7a10a63fff25d15a57b001586d177d1b0d352"
  integrity sha512-dcyqhDvX1C46lXZcVqCpK+FtMRQVdIMN6/Df5js2zouUsqG7I6sFxitIC+7KYK29KdXOLHdu9zL4sFnoVQnqaA==

ipaddr.js@1.9.1:
  version "1.9.1"
  resolved "https://registry.yarnpkg.com/ipaddr.js/-/ipaddr.js-1.9.1.tgz#bff38543eeb8984825079ff3a2a8e6cbd46781b3"
  integrity sha512-0KI/607xoxSToH7GjN1FfSbLoU0+btTicjsQSWQlh/hZykN8KpmMf7uYwPW3R+akZ6R/w18ZlXSHBYXiYUPO3g==

is-ipfs@^8.0.4:
  version "8.0.4"
  resolved "https://registry.yarnpkg.com/is-ipfs/-/is-ipfs-8.0.4.tgz#686e7c20ec54a25a055519b435e2546fbd8e2a5f"
  integrity sha512-upkO6a8WgBSZMMmuPzmF2NQLWXtiJtHxdEfEiMWrOzCKoZ+XEiM0XlK4fFMfo/PyiRmPMJ4PsNrXyvJeqMrJXA==
  dependencies:
    "@multiformats/mafmt" "^12.1.6"
    "@multiformats/multiaddr" "^12.1.14"
    iso-url "^1.1.3"
    multiformats "^13.0.1"
    uint8arrays "^5.0.1"

iso-url@^1.1.3:
  version "1.2.1"
  resolved "https://registry.yarnpkg.com/iso-url/-/iso-url-1.2.1.tgz#db96a49d8d9a64a1c889fc07cc525d093afb1811"
  integrity sha512-9JPDgCN4B7QPkLtYAAOrEuAWvP9rWvR5offAr0/SeF046wIkglqH3VXgYYP6NcsKslH80UIVgmPqNe3j7tG2ng==

json-schema-ref-resolver@^1.0.1:
  version "1.0.1"
  resolved "https://registry.yarnpkg.com/json-schema-ref-resolver/-/json-schema-ref-resolver-1.0.1.tgz#6586f483b76254784fc1d2120f717bdc9f0a99bf"
  integrity sha512-EJAj1pgHc1hxF6vo2Z3s69fMjO1INq6eGHXZ8Z6wCQeldCuwxGK9Sxf4/cScGn3FZubCVUehfWtcDM/PLteCQw==
  dependencies:
    fast-deep-equal "^3.1.3"

json-schema-traverse@^1.0.0:
  version "1.0.0"
  resolved "https://registry.yarnpkg.com/json-schema-traverse/-/json-schema-traverse-1.0.0.tgz#ae7bcb3656ab77a73ba5c49bf654f38e6b6860e2"
  integrity sha512-NM8/P9n3XjXhIZn1lLhkFaACTOURQXjWhV4BA/RnOv8xvgqtqpAX9IO4mRQxSx1Rlo4tqzeqb0sOlruaOy3dug==

light-my-request@^6.0.0:
  version "6.1.0"
  resolved "https://registry.yarnpkg.com/light-my-request/-/light-my-request-6.1.0.tgz#6ad89663f08df018f1726cd6cfb7512f68a02179"
  integrity sha512-+NFuhlOGoEwxeQfJ/pobkVFxcnKyDtiX847hLjuB/IzBxIl3q4VJeFI8uRCgb3AlTWL1lgOr+u5+8QdUcr33ng==
  dependencies:
    cookie "^0.7.0"
    process-warning "^4.0.0"
    set-cookie-parser "^2.6.0"

mnemonist@0.39.8:
  version "0.39.8"
  resolved "https://registry.yarnpkg.com/mnemonist/-/mnemonist-0.39.8.tgz#9078cd8386081afd986cca34b52b5d84ea7a4d38"
  integrity sha512-vyWo2K3fjrUw8YeeZ1zF0fy6Mu59RHokURlld8ymdUPjMlD9EC9ov1/YPqTgqRvUN9nTr3Gqfz29LYAmu0PHPQ==
  dependencies:
    obliterator "^2.0.1"

multiformats@^13.0.0, multiformats@^13.0.1:
  version "13.3.0"
  resolved "https://registry.yarnpkg.com/multiformats/-/multiformats-13.3.0.tgz#1f5188bc7c4fe08ff829ae1c18dc33409042fb71"
  integrity sha512-CBiqvsufgmpo01VT5ze94O+uc+Pbf6f/sThlvWss0sBZmAOu6GQn5usrYV2sf2mr17FWYc0rO8c/CNe2T90QAA==

node-domexception@^1.0.0:
  version "1.0.0"
  resolved "https://registry.yarnpkg.com/node-domexception/-/node-domexception-1.0.0.tgz#6888db46a1f71c0b76b3f7555016b63fe64766e5"
  integrity sha512-/jKZoMpw0F8GRwl4/eLROPA3cfcXtLApP0QzLmUT/HuPCZWyB7IY9ZrMeKw2O/nFIqPQB3PVM9aYm0F312AXDQ==

node-fetch@^3.3.1:
  version "3.3.2"
  resolved "https://registry.yarnpkg.com/node-fetch/-/node-fetch-3.3.2.tgz#d1e889bacdf733b4ff3b2b243eb7a12866a0b78b"
  integrity sha512-dRB78srN/l6gqWulah9SrxeYnxeddIG30+GOqK/9OlLVyLg3HPnr6SqOWTWOXKRwC2eGYCkZ59NNuSgvSrpgOA==
  dependencies:
    data-uri-to-buffer "^4.0.0"
    fetch-blob "^3.1.4"
    formdata-polyfill "^4.0.10"

obliterator@^2.0.1:
  version "2.0.4"
  resolved "https://registry.yarnpkg.com/obliterator/-/obliterator-2.0.4.tgz#fa650e019b2d075d745e44f1effeb13a2adbe816"
  integrity sha512-lgHwxlxV1qIg1Eap7LgIeoBWIMFibOjbrYPIPJZcI1mmGAI2m3lNYpK12Y+GBdPQ0U1hRwSord7GIaawz962qQ==

on-exit-leak-free@^2.1.0:
  version "2.1.2"
  resolved "https://registry.yarnpkg.com/on-exit-leak-free/-/on-exit-leak-free-2.1.2.tgz#fed195c9ebddb7d9e4c3842f93f281ac8dadd3b8"
  integrity sha512-0eJJY6hXLGf1udHwfNftBqH+g73EU4B504nZeKpz1sYRKafAghwxEJunB2O7rDZkL4PGfsMVnTXZ2EjibbqcsA==

p-queue@^8.0.1:
  version "8.0.1"
  resolved "https://registry.yarnpkg.com/p-queue/-/p-queue-8.0.1.tgz#718b7f83836922ef213ddec263ff4223ce70bef8"
  integrity sha512-NXzu9aQJTAzbBqOt2hwsR63ea7yvxJc0PwN/zobNAudYfb1B7R08SzB4TsLeSbUCuG467NhnoT0oO6w1qRO+BA==
  dependencies:
    eventemitter3 "^5.0.1"
    p-timeout "^6.1.2"

p-timeout@^6.1.2:
  version "6.1.2"
  resolved "https://registry.yarnpkg.com/p-timeout/-/p-timeout-6.1.2.tgz#22b8d8a78abf5e103030211c5fc6dee1166a6aa5"
  integrity sha512-UbD77BuZ9Bc9aABo74gfXhNvzC9Tx7SxtHSh1fxvx3jTLLYvmVhiQZZrJzqqU0jKbN32kb5VOKiLEQI/3bIjgQ==

pinata@^1.5.0:
  version "1.5.0"
  resolved "https://registry.yarnpkg.com/pinata/-/pinata-1.5.0.tgz#be94cbda24e1242fae41fa2183af6fd71ce43437"
  integrity sha512-rQ8T+Jdgj7rpJey5TdhFoMVSjNaa+0oxzmxgEKh6r9Qiyq29+hx+fBnQneTW68iTPQ7nUZjuX6qjlZ27bJwpBQ==
  dependencies:
    is-ipfs "^8.0.4"
    node-fetch "^3.3.1"

pino-abstract-transport@^1.2.0:
  version "1.2.0"
  resolved "https://registry.yarnpkg.com/pino-abstract-transport/-/pino-abstract-transport-1.2.0.tgz#97f9f2631931e242da531b5c66d3079c12c9d1b5"
  integrity sha512-Guhh8EZfPCfH+PMXAb6rKOjGQEoy0xlAIn+irODG5kgfYV+BQ0rGYYWTIel3P5mmyXqkYkPmdIkywsn6QKUR1Q==
  dependencies:
    readable-stream "^4.0.0"
    split2 "^4.0.0"

pino-std-serializers@^7.0.0:
  version "7.0.0"
  resolved "https://registry.yarnpkg.com/pino-std-serializers/-/pino-std-serializers-7.0.0.tgz#7c625038b13718dbbd84ab446bd673dc52259e3b"
  integrity sha512-e906FRY0+tV27iq4juKzSYPbUj2do2X2JX4EzSca1631EB2QJQUqGbDuERal7LCtOpxl6x3+nvo9NPZcmjkiFA==

pino@^9.0.0:
  version "9.4.0"
  resolved "https://registry.yarnpkg.com/pino/-/pino-9.4.0.tgz#e4600ff199efc744856a5b3b71c53e38998eae5a"
  integrity sha512-nbkQb5+9YPhQRz/BeQmrWpEknAaqjpAqRK8NwJpmrX/JHu7JuZC5G1CeAwJDJfGes4h+YihC6in3Q2nGb+Y09w==
  dependencies:
    atomic-sleep "^1.0.0"
    fast-redact "^3.1.1"
    on-exit-leak-free "^2.1.0"
    pino-abstract-transport "^1.2.0"
    pino-std-serializers "^7.0.0"
    process-warning "^4.0.0"
    quick-format-unescaped "^4.0.3"
    real-require "^0.2.0"
    safe-stable-stringify "^2.3.1"
    sonic-boom "^4.0.1"
    thread-stream "^3.0.0"

process-warning@^4.0.0:
  version "4.0.0"
  resolved "https://registry.yarnpkg.com/process-warning/-/process-warning-4.0.0.tgz#581e3a7a1fb456c5f4fd239f76bce75897682d5a"
  integrity sha512-/MyYDxttz7DfGMMHiysAsFE4qF+pQYAA8ziO/3NcRVrQ5fSk+Mns4QZA/oRPFzvcqNoVJXQNWNAsdwBXLUkQKw==

process@^0.11.10:
  version "0.11.10"
  resolved "https://registry.yarnpkg.com/process/-/process-0.11.10.tgz#7332300e840161bda3e69a1d1d91a7d4bc16f182"
  integrity sha512-cdGef/drWFoydD1JsMzuFf8100nZl+GT+yacc2bEced5f9Rjk4z+WtFUTBu9PhOi9j/jfmBPu0mMEY4wIdAF8A==

progress-events@^1.0.0:
  version "1.0.1"
  resolved "https://registry.yarnpkg.com/progress-events/-/progress-events-1.0.1.tgz#693b6d4153f08c1418ae3cd5fcad8596c91db7e8"
  integrity sha512-MOzLIwhpt64KIVN64h1MwdKWiyKFNc/S6BoYKPIVUHFg0/eIEyBulhWCgn678v/4c0ri3FdGuzXymNCv02MUIw==

proxy-addr@^2.0.7:
  version "2.0.7"
  resolved "https://registry.yarnpkg.com/proxy-addr/-/proxy-addr-2.0.7.tgz#f19fe69ceab311eeb94b42e70e8c2070f9ba1025"
  integrity sha512-llQsMLSUDUPT44jdrU/O37qlnifitDP+ZwrmmZcoSKyLKvtZxpyV0n2/bD/N4tBAAZ/gJEdZU7KMraoK1+XYAg==
  dependencies:
    forwarded "0.2.0"
    ipaddr.js "1.9.1"

quick-format-unescaped@^4.0.3:
  version "4.0.4"
  resolved "https://registry.yarnpkg.com/quick-format-unescaped/-/quick-format-unescaped-4.0.4.tgz#93ef6dd8d3453cbc7970dd614fad4c5954d6b5a7"
  integrity sha512-tYC1Q1hgyRuHgloV/YXs2w15unPVh8qfu/qCTfhTYamaw7fyhumKa2yGpdSo87vY32rIclj+4fWYQXUMs9EHvg==

readable-stream@^4.0.0:
  version "4.5.2"
  resolved "https://registry.yarnpkg.com/readable-stream/-/readable-stream-4.5.2.tgz#9e7fc4c45099baeed934bff6eb97ba6cf2729e09"
  integrity sha512-yjavECdqeZ3GLXNgRXgeQEdz9fvDDkNKyHnbHRFtOr7/LcfgBcmct7t/ET+HaCTqfh06OzoAxrkN/IfjJBVe+g==
  dependencies:
    abort-controller "^3.0.0"
    buffer "^6.0.3"
    events "^3.3.0"
    process "^0.11.10"
    string_decoder "^1.3.0"

real-require@^0.2.0:
  version "0.2.0"
  resolved "https://registry.yarnpkg.com/real-require/-/real-require-0.2.0.tgz#209632dea1810be2ae063a6ac084fee7e33fba78"
  integrity sha512-57frrGM/OCTLqLOAh0mhVA9VBMHd+9U7Zb2THMGdBUoZVOtGbJzjxsYGDJ3A9AYYCP4hn6y1TVbaOfzWtm5GFg==

require-from-string@^2.0.2:
  version "2.0.2"
  resolved "https://registry.yarnpkg.com/require-from-string/-/require-from-string-2.0.2.tgz#89a7fdd938261267318eafe14f9c32e598c36909"
  integrity sha512-Xf0nWe6RseziFMu+Ap9biiUbmplq6S9/p+7w7YXP/JBHhrUDDUhwa+vANyubuqfZWTveU//DYVGsDG7RKL/vEw==

resolve-pkg-maps@^1.0.0:
  version "1.0.0"
  resolved "https://registry.yarnpkg.com/resolve-pkg-maps/-/resolve-pkg-maps-1.0.0.tgz#616b3dc2c57056b5588c31cdf4b3d64db133720f"
  integrity sha512-seS2Tj26TBVOC2NIc2rOe2y2ZO7efxITtLZcGSOnHHNOQ7CkiUBfw0Iw2ck6xkIhPwLhKNLS8BO+hEpngQlqzw==

ret@~0.5.0:
  version "0.5.0"
  resolved "https://registry.yarnpkg.com/ret/-/ret-0.5.0.tgz#30a4d38a7e704bd96dc5ffcbe7ce2a9274c41c95"
  integrity sha512-I1XxrZSQ+oErkRR4jYbAyEEu2I0avBvvMM5JN+6EBprOGRCs63ENqZ3vjavq8fBw2+62G5LF5XelKwuJpcvcxw==

reusify@^1.0.4:
  version "1.0.4"
  resolved "https://registry.yarnpkg.com/reusify/-/reusify-1.0.4.tgz#90da382b1e126efc02146e90845a88db12925d76"
  integrity sha512-U9nH88a3fc/ekCF1l0/UP1IosiuIjyTh7hBvXVMHYgVcfGvt897Xguj2UOLDeI5BG2m7/uwyaLVT6fbtCwTyzw==

rfdc@^1.2.0, rfdc@^1.3.1:
  version "1.4.1"
  resolved "https://registry.yarnpkg.com/rfdc/-/rfdc-1.4.1.tgz#778f76c4fb731d93414e8f925fbecf64cce7f6ca"
  integrity sha512-q1b3N5QkRUWUl7iyylaaj3kOpIT0N2i9MqIEQXP73GVsN9cw3fdx8X63cEmWhJGi2PPCF23Ijp7ktmd39rawIA==

safe-buffer@~5.2.0:
  version "5.2.1"
  resolved "https://registry.yarnpkg.com/safe-buffer/-/safe-buffer-5.2.1.tgz#1eaf9fa9bdb1fdd4ec75f58f9cdb4e6b7827eec6"
  integrity sha512-rp3So07KcdmmKbGvgaNxQSJr7bGVSVk5S9Eq1F+ppbRo70+YeaDxkw5Dd8NPN+GD6bjnYm2VuPuCXmpuYvmCXQ==

safe-regex2@^4.0.0:
  version "4.0.0"
  resolved "https://registry.yarnpkg.com/safe-regex2/-/safe-regex2-4.0.0.tgz#5e04d8362cd4884753c8bce9715d4759a5239c0a"
  integrity sha512-Hvjfv25jPDVr3U+4LDzBuZPPOymELG3PYcSk5hcevooo1yxxamQL/bHs/GrEPGmMoMEwRrHVGiCA1pXi97B8Ew==
  dependencies:
    ret "~0.5.0"

safe-stable-stringify@^2.3.1:
  version "2.5.0"
  resolved "https://registry.yarnpkg.com/safe-stable-stringify/-/safe-stable-stringify-2.5.0.tgz#4ca2f8e385f2831c432a719b108a3bf7af42a1dd"
  integrity sha512-b3rppTKm9T+PsVCBEOUR46GWI7fdOs00VKZ1+9c1EWDaDMvjQc6tUwuFyIprgGgTcWoVHSKrU8H31ZHA2e0RHA==

secure-json-parse@^2.7.0:
  version "2.7.0"
  resolved "https://registry.yarnpkg.com/secure-json-parse/-/secure-json-parse-2.7.0.tgz#5a5f9cd6ae47df23dba3151edd06855d47e09862"
  integrity sha512-6aU+Rwsezw7VR8/nyvKTx8QpWH9FrcYiXXlqC4z5d5XQBDRqtbfsRjnwGyqbi3gddNtWHuEk9OANUotL26qKUw==

semver@^7.6.0:
  version "7.6.3"
  resolved "https://registry.yarnpkg.com/semver/-/semver-7.6.3.tgz#980f7b5550bc175fb4dc09403085627f9eb33143"
  integrity sha512-oVekP1cKtI+CTDvHWYFUcMtsK/00wmAEfyqKfNdARm8u1wNVhSgaX7A8d4UuIlUI5e84iEwOhs7ZPYRmzU9U6A==

set-cookie-parser@^2.6.0:
  version "2.7.0"
  resolved "https://registry.yarnpkg.com/set-cookie-parser/-/set-cookie-parser-2.7.0.tgz#ef5552b56dc01baae102acb5fc9fb8cd060c30f9"
  integrity sha512-lXLOiqpkUumhRdFF3k1osNXCy9akgx/dyPZ5p8qAg9seJzXr5ZrlqZuWIMuY6ejOsVLE6flJ5/h3lsn57fQ/PQ==

sonic-boom@^4.0.1:
  version "4.1.0"
  resolved "https://registry.yarnpkg.com/sonic-boom/-/sonic-boom-4.1.0.tgz#4f039663ba191fac5cfe4f1dc330faac079e4342"
  integrity sha512-NGipjjRicyJJ03rPiZCJYjwlsuP2d1/5QUviozRXC7S3WdVWNK5e3Ojieb9CCyfhq2UC+3+SRd9nG3I2lPRvUw==
  dependencies:
    atomic-sleep "^1.0.0"

split2@^4.0.0:
  version "4.2.0"
  resolved "https://registry.yarnpkg.com/split2/-/split2-4.2.0.tgz#c9c5920904d148bab0b9f67145f245a86aadbfa4"
  integrity sha512-UcjcJOWknrNkF6PLX83qcHM6KHgVKNkV62Y8a5uYDVv9ydGQVwAHMKqHdJje1VTWpljG0WYpCDhrCdAOYH4TWg==

string_decoder@^1.3.0:
  version "1.3.0"
  resolved "https://registry.yarnpkg.com/string_decoder/-/string_decoder-1.3.0.tgz#42f114594a46cf1a8e30b0a84f56c78c3edac21e"
  integrity sha512-hkRX8U1WjJFd8LsDJ2yQ/wWWxaopEsABU1XfkM8A+j0+85JAGppt16cr1Whg6KIbb4okU6Mql6BOj+uup/wKeA==
  dependencies:
    safe-buffer "~5.2.0"

thread-stream@^3.0.0:
  version "3.1.0"
  resolved "https://registry.yarnpkg.com/thread-stream/-/thread-stream-3.1.0.tgz#4b2ef252a7c215064507d4ef70c05a5e2d34c4f1"
  integrity sha512-OqyPZ9u96VohAyMfJykzmivOrY2wfMSf3C5TtFJVgN+Hm6aj+voFhlK+kZEIv2FBh1X6Xp3DlnCOfEQ3B2J86A==
  dependencies:
    real-require "^0.2.0"

toad-cache@^3.7.0:
  version "3.7.0"
  resolved "https://registry.yarnpkg.com/toad-cache/-/toad-cache-3.7.0.tgz#b9b63304ea7c45ec34d91f1d2fa513517025c441"
  integrity sha512-/m8M+2BJUpoJdgAHoG+baCwBT+tf2VraSfkBgl0Y00qIWt41DJ8R5B8nsEw0I58YwF5IZH6z24/2TobDKnqSWw==

tsx@^4.19.1:
  version "4.19.1"
  resolved "https://registry.yarnpkg.com/tsx/-/tsx-4.19.1.tgz#b7bffdf4b565813e4dea14b90872af279cd0090b"
  integrity sha512-0flMz1lh74BR4wOvBjuh9olbnwqCPc35OOlfyzHba0Dc+QNUeWX/Gq2YTbnwcWPO3BMd8fkzRVrHcsR+a7z7rA==
  dependencies:
    esbuild "~0.23.0"
    get-tsconfig "^4.7.5"
  optionalDependencies:
    fsevents "~2.3.3"

uint8-varint@^2.0.1:
  version "2.0.4"
  resolved "https://registry.yarnpkg.com/uint8-varint/-/uint8-varint-2.0.4.tgz#85be52b3849eb30f2c3640a2df8a14364180affb"
  integrity sha512-FwpTa7ZGA/f/EssWAb5/YV6pHgVF1fViKdW8cWaEarjB8t7NyofSWBdOTyFPaGuUG4gx3v1O3PQ8etsiOs3lcw==
  dependencies:
    uint8arraylist "^2.0.0"
    uint8arrays "^5.0.0"

uint8arraylist@^2.0.0:
  version "2.4.8"
  resolved "https://registry.yarnpkg.com/uint8arraylist/-/uint8arraylist-2.4.8.tgz#5a4d17f4defd77799cb38e93fd5db0f0dceddc12"
  integrity sha512-vc1PlGOzglLF0eae1M8mLRTBivsvrGsdmJ5RbK3e+QRvRLOZfZhQROTwH/OfyF3+ZVUg9/8hE8bmKP2CvP9quQ==
  dependencies:
    uint8arrays "^5.0.1"

uint8arrays@^5.0.0, uint8arrays@^5.0.1, uint8arrays@^5.0.2:
  version "5.1.0"
  resolved "https://registry.yarnpkg.com/uint8arrays/-/uint8arrays-5.1.0.tgz#14047c9bdf825d025b7391299436e5e50e7270f1"
  integrity sha512-vA6nFepEmlSKkMBnLBaUMVvAC4G3CTmO58C12y4sq6WPDOR7mOFYOi7GlrQ4djeSbP6JG9Pv9tJDM97PedRSww==
  dependencies:
    multiformats "^13.0.0"

undici-types@~6.19.2:
  version "6.19.8"
  resolved "https://registry.yarnpkg.com/undici-types/-/undici-types-6.19.8.tgz#35111c9d1437ab83a7cdc0abae2f26d88eda0a02"
  integrity sha512-ve2KP6f/JnbPBFyobGHuerC9g1FYGn/F8n1LWTwNxCEzd6IfqTwUQcNXgEtmmQ6DlRrC1hrSrBnCZPokRrDHjw==

web-streams-polyfill@^3.0.3:
  version "3.3.3"
  resolved "https://registry.yarnpkg.com/web-streams-polyfill/-/web-streams-polyfill-3.3.3.tgz#2073b91a2fdb1fbfbd401e7de0ac9f8214cecb4b"
  integrity sha512-d2JWLCivmZYTSIoge9MsgFCZrt571BikcWGYkjC1khllbTeDlGqZ2D8vD8E/lJa8WGWbb7Plm8/XJYV7IJHZZw==
